
Microsoft Visual Studio Solution File, Format Version 12.00
# Visual Studio Version 16
VisualStudioVersion = 16.0.30907.101
MinimumVisualStudioVersion = 10.0.40219.1
Project("{9A19103F-16F7-4668-BE54-9A1E7A4F7556}") = "TestDocker", "TestDocker\TestDocker.csproj", "{02F5C01E-190F-4A05-91BD-E8151E870B58}"
EndProject
Project("{FAE04EC0-301F-11D3-BF4B-00C04F79EFBC}") = "Repository", "Repository\Repository.csproj", "{3B1391E1-D177-4B0B-AB4F-FCC9A1CE8FD7}"
EndProject
Global
	GlobalSection(SolutionConfigurationPlatforms) = preSolution
		Debug|Any CPU = Debug|Any CPU
		Release|Any CPU = Release|Any CPU
	EndGlobalSection
	GlobalSection(ProjectConfigurationPlatforms) = postSolution
		{02F5C01E-190F-4A05-91BD-E8151E870B58}.Debug|Any CPU.ActiveCfg = Debug|Any CPU
		{02F5C01E-190F-4A05-91BD-E8151E870B58}.Debug|Any CPU.Build.0 = Debug|Any CPU
		{02F5C01E-190F-4A05-91BD-E8151E870B58}.Release|Any CPU.ActiveCfg = Release|Any CPU
		{02F5C01E-190F-4A05-91BD-E8151E870B58}.Release|Any CPU.Build.0 = Release|Any CPU
		{3B1391E1-D177-4B0B-AB4F-FCC9A1CE8FD7}.Debug|Any CPU.ActiveCfg = Debug|Any CPU
		{3B1391E1-D177-4B0B-AB4F-FCC9A1CE8FD7}.Debug|Any CPU.Build.0 = Debug|Any CPU
		{3B1391E1-D177-4B0B-AB4F-FCC9A1CE8FD7}.Release|Any CPU.ActiveCfg = Release|Any CPU
		{3B1391E1-D177-4B0B-AB4F-FCC9A1CE8FD7}.Release|Any CPU.Build.0 = Release|Any CPU
	EndGlobalSection
	GlobalSection(SolutionProperties) = preSolution
		HideSolutionNode = FALSE
	EndGlobalSection
	GlobalSection(ExtensibilityGlobals) = postSolution
		SolutionGuid = {E2B7599F-5565-4000-BBDE-6C8C42D23413}
	EndGlobalSection
EndGlobal
